// !$*UTF8*$!
{
	archiveVersion = 1;
	classes = {
	};
	objectVersion = 55;
	objects = {

/* Begin PBXBuildFile section */
		1EFEDA21A8B5A38AAD47F99E /* Pods_Crypto.framework in Frameworks */ = {isa = PBXBuildFile; fileRef = 6E209F6BD5D8879E87AA952A /* Pods_Crypto.framework */; };
		53DE9D0189DFAB9FCEC15BBB /* Pods_Crypto_CryptoUITests.framework in Frameworks */ = {isa = PBXBuildFile; fileRef = 22FD132B44E1B7AB58F42FED /* Pods_Crypto_CryptoUITests.framework */; };
		5F71266B28836216008CA35E /* CryptoApp.swift in Sources */ = {isa = PBXBuildFile; fileRef = 5F71266A28836216008CA35E /* CryptoApp.swift */; };
		5F71266F28836218008CA35E /* Images.xcassets in Resources */ = {isa = PBXBuildFile; fileRef = 5F71266E28836218008CA35E /* Images.xcassets */; };
		5F71267228836218008CA35E /* Preview Assets.xcassets in Resources */ = {isa = PBXBuildFile; fileRef = 5F71267128836218008CA35E /* Preview Assets.xcassets */; };
		5F71267C28836219008CA35E /* CryptoTests.swift in Sources */ = {isa = PBXBuildFile; fileRef = 5F71267B28836219008CA35E /* CryptoTests.swift */; };
		5F71268628836219008CA35E /* CryptoUITests.swift in Sources */ = {isa = PBXBuildFile; fileRef = 5F71268528836219008CA35E /* CryptoUITests.swift */; };
		5F71268828836219008CA35E /* CryptoUITestsLaunchTests.swift in Sources */ = {isa = PBXBuildFile; fileRef = 5F71268728836219008CA35E /* CryptoUITestsLaunchTests.swift */; };
		5F7126962883643C008CA35E /* ComposableArchitecture in Frameworks */ = {isa = PBXBuildFile; productRef = 5F7126952883643C008CA35E /* ComposableArchitecture */; };
		5F71269D2883647E008CA35E /* Publisher+Ext.swift in Sources */ = {isa = PBXBuildFile; fileRef = 5F71269C2883647E008CA35E /* Publisher+Ext.swift */; };
		5F7126A02883649D008CA35E /* UserDefaultsService.swift in Sources */ = {isa = PBXBuildFile; fileRef = 5F71269F2883649D008CA35E /* UserDefaultsService.swift */; };
		5F7126AA288364F2008CA35E /* AppStore.swift in Sources */ = {isa = PBXBuildFile; fileRef = 5F7126A9288364F2008CA35E /* AppStore.swift */; };
		5F7126AC288364F7008CA35E /* AppView.swift in Sources */ = {isa = PBXBuildFile; fileRef = 5F7126AB288364F7008CA35E /* AppView.swift */; };
		5F7126AE288364FD008CA35E /* AppDelegate.swift in Sources */ = {isa = PBXBuildFile; fileRef = 5F7126AD288364FD008CA35E /* AppDelegate.swift */; };
		5F7126B028836508008CA35E /* AppDelegateStore.swift in Sources */ = {isa = PBXBuildFile; fileRef = 5F7126AF28836508008CA35E /* AppDelegateStore.swift */; };
		5F7126B228836515008CA35E /* OnboardingStore.swift in Sources */ = {isa = PBXBuildFile; fileRef = 5F7126B128836515008CA35E /* OnboardingStore.swift */; };
		5F7126B42883651D008CA35E /* OnboardingView.swift in Sources */ = {isa = PBXBuildFile; fileRef = 5F7126B32883651D008CA35E /* OnboardingView.swift */; };
		5F7126B72883652E008CA35E /* ProfileStore.swift in Sources */ = {isa = PBXBuildFile; fileRef = 5F7126B62883652E008CA35E /* ProfileStore.swift */; };
		5F7126B928836534008CA35E /* ProfileView.swift in Sources */ = {isa = PBXBuildFile; fileRef = 5F7126B828836534008CA35E /* ProfileView.swift */; };
		5F7126BB2883653A008CA35E /* MarketStore.swift in Sources */ = {isa = PBXBuildFile; fileRef = 5F7126BA2883653A008CA35E /* MarketStore.swift */; };
		5F7126BD28836542008CA35E /* MarketView.swift in Sources */ = {isa = PBXBuildFile; fileRef = 5F7126BC28836542008CA35E /* MarketView.swift */; };
		5F7126BF2883654D008CA35E /* CurrencyDetailsStore.swift in Sources */ = {isa = PBXBuildFile; fileRef = 5F7126BE2883654D008CA35E /* CurrencyDetailsStore.swift */; };
		5F7126C128836557008CA35E /* CurrencyDetailsView.swift in Sources */ = {isa = PBXBuildFile; fileRef = 5F7126C028836557008CA35E /* CurrencyDetailsView.swift */; };
		5F7126C4288365F7008CA35E /* MainView.swift in Sources */ = {isa = PBXBuildFile; fileRef = 5F7126C3288365F7008CA35E /* MainView.swift */; };
		5F7126C6288365FC008CA35E /* MainStore.swift in Sources */ = {isa = PBXBuildFile; fileRef = 5F7126C5288365FC008CA35E /* MainStore.swift */; };
		5F7126CA28836C38008CA35E /* Assets.swift in Sources */ = {isa = PBXBuildFile; fileRef = 5F7126C928836C38008CA35E /* Assets.swift */; };
		5F7126CD28836C6B008CA35E /* Colors.xcassets in Resources */ = {isa = PBXBuildFile; fileRef = 5F7126CC28836C6B008CA35E /* Colors.xcassets */; };
		5F7126CF28836CC5008CA35E /* SwiftGen+Ext.swift in Sources */ = {isa = PBXBuildFile; fileRef = 5F7126CE28836CC5008CA35E /* SwiftGen+Ext.swift */; };
		5F7126D128837346008CA35E /* Collection+Safe.swift in Sources */ = {isa = PBXBuildFile; fileRef = 5F7126D028837346008CA35E /* Collection+Safe.swift */; };
		5F7126D428837BFA008CA35E /* ProfileHeaderView.swift in Sources */ = {isa = PBXBuildFile; fileRef = 5F7126D328837BFA008CA35E /* ProfileHeaderView.swift */; };
		5F7126D628837D32008CA35E /* CurrenciesView.swift in Sources */ = {isa = PBXBuildFile; fileRef = 5F7126D528837D32008CA35E /* CurrenciesView.swift */; };
		5F7126D828838059008CA35E /* NewsView.swift in Sources */ = {isa = PBXBuildFile; fileRef = 5F7126D728838059008CA35E /* NewsView.swift */; };
		5F7126DA28841168008CA35E /* View+safeAreaInsets.swift in Sources */ = {isa = PBXBuildFile; fileRef = 5F7126D928841168008CA35E /* View+safeAreaInsets.swift */; };
		5F7126DC288418AE008CA35E /* Currency.swift in Sources */ = {isa = PBXBuildFile; fileRef = 5F7126DB288418AE008CA35E /* Currency.swift */; };
		5F7126DE288418C1008CA35E /* Article.swift in Sources */ = {isa = PBXBuildFile; fileRef = 5F7126DD288418C1008CA35E /* Article.swift */; };
		5F7126E0288418D2008CA35E /* User.swift in Sources */ = {isa = PBXBuildFile; fileRef = 5F7126DF288418D2008CA35E /* User.swift */; };
		5F7126E32884191A008CA35E /* CurrencyCell.swift in Sources */ = {isa = PBXBuildFile; fileRef = 5F7126E22884191A008CA35E /* CurrencyCell.swift */; };
		5F7126E628841961008CA35E /* ProfileHeaderButton.swift in Sources */ = {isa = PBXBuildFile; fileRef = 5F7126E528841961008CA35E /* ProfileHeaderButton.swift */; };
		5F7126E82884197B008CA35E /* View+gradients.swift in Sources */ = {isa = PBXBuildFile; fileRef = 5F7126E72884197B008CA35E /* View+gradients.swift */; };
		5F7126EB28841BB3008CA35E /* NewsRow.swift in Sources */ = {isa = PBXBuildFile; fileRef = 5F7126EA28841BB3008CA35E /* NewsRow.swift */; };
		5F9FB80028907261006E4C22 /* ChartView.swift in Sources */ = {isa = PBXBuildFile; fileRef = 5F9FB7FF28907261006E4C22 /* ChartView.swift */; };
		5F9FB802289072C4006E4C22 /* ChartData.swift in Sources */ = {isa = PBXBuildFile; fileRef = 5F9FB801289072C4006E4C22 /* ChartData.swift */; };
		5F9FB804289072E1006E4C22 /* LineView.swift in Sources */ = {isa = PBXBuildFile; fileRef = 5F9FB803289072E1006E4C22 /* LineView.swift */; };
		5F9FB80D2890747A006E4C22 /* NetworkService.swift in Sources */ = {isa = PBXBuildFile; fileRef = 5F9FB8062890747A006E4C22 /* NetworkService.swift */; };
		5F9FB80E2890747A006E4C22 /* APIError.swift in Sources */ = {isa = PBXBuildFile; fileRef = 5F9FB8082890747A006E4C22 /* APIError.swift */; };
		5F9FB80F2890747A006E4C22 /* RequestBuilder.swift in Sources */ = {isa = PBXBuildFile; fileRef = 5F9FB8092890747A006E4C22 /* RequestBuilder.swift */; };
		5F9FB8102890747A006E4C22 /* HTTPMethod.swift in Sources */ = {isa = PBXBuildFile; fileRef = 5F9FB80A2890747A006E4C22 /* HTTPMethod.swift */; };
		5F9FB8112890747A006E4C22 /* ContentType.swift in Sources */ = {isa = PBXBuildFile; fileRef = 5F9FB80B2890747A006E4C22 /* ContentType.swift */; };
		5F9FB8122890747A006E4C22 /* NetworkError.swift in Sources */ = {isa = PBXBuildFile; fileRef = 5F9FB80C2890747A006E4C22 /* NetworkError.swift */; };
		5F9FB8152890754A006E4C22 /* Kingfisher in Frameworks */ = {isa = PBXBuildFile; productRef = 5F9FB8142890754A006E4C22 /* Kingfisher */; };
		5F9FB818289076D4006E4C22 /* UserService.swift in Sources */ = {isa = PBXBuildFile; fileRef = 5F9FB817289076D4006E4C22 /* UserService.swift */; };
		5F9FB81C2890770F006E4C22 /* CurrencyService.swift in Sources */ = {isa = PBXBuildFile; fileRef = 5F9FB81B2890770F006E4C22 /* CurrencyService.swift */; };
		5F9FB81E28907715006E4C22 /* NewsService.swift in Sources */ = {isa = PBXBuildFile; fileRef = 5F9FB81D28907715006E4C22 /* NewsService.swift */; };
		5F9FB82028907C9F006E4C22 /* Loader.swift in Sources */ = {isa = PBXBuildFile; fileRef = 5F9FB81F28907C9F006E4C22 /* Loader.swift */; };
		5FC9FB35289082F3000BA441 /* MarketCell.swift in Sources */ = {isa = PBXBuildFile; fileRef = 5FC9FB34289082F3000BA441 /* MarketCell.swift */; };
		5FC9FB38289083BB000BA441 /* CurrencyTextField.swift in Sources */ = {isa = PBXBuildFile; fileRef = 5FC9FB37289083BB000BA441 /* CurrencyTextField.swift */; };
		5FC9FB3A289083E0000BA441 /* View+placeholder.swift in Sources */ = {isa = PBXBuildFile; fileRef = 5FC9FB39289083E0000BA441 /* View+placeholder.swift */; };
		5FC9FB3C28908447000BA441 /* CurrencyMultiLineButton.swift in Sources */ = {isa = PBXBuildFile; fileRef = 5FC9FB3B28908447000BA441 /* CurrencyMultiLineButton.swift */; };
		5FC9FB3E28908571000BA441 /* View+CornerRadius.swift in Sources */ = {isa = PBXBuildFile; fileRef = 5FC9FB3D28908571000BA441 /* View+CornerRadius.swift */; };
		5FC9FB40289085EE000BA441 /* View+if.swift in Sources */ = {isa = PBXBuildFile; fileRef = 5FC9FB3F289085EE000BA441 /* View+if.swift */; };
		5FC9FB42289091C3000BA441 /* View+navigationLink.swift in Sources */ = {isa = PBXBuildFile; fileRef = 5FC9FB41289091C3000BA441 /* View+navigationLink.swift */; };
		5FC9FB4428912A1C000BA441 /* View+stroke.swift in Sources */ = {isa = PBXBuildFile; fileRef = 5FC9FB4328912A1C000BA441 /* View+stroke.swift */; };
		5FC9FB4728913222000BA441 /* Double+price.swift in Sources */ = {isa = PBXBuildFile; fileRef = 5FC9FB4628913222000BA441 /* Double+price.swift */; };
		5FC9FB4B28914932000BA441 /* UIApplication+endEditing.swift in Sources */ = {isa = PBXBuildFile; fileRef = 5FC9FB4A28914932000BA441 /* UIApplication+endEditing.swift */; };
		5FC9FB4D28917CBA000BA441 /* View+FocusModifier.swift in Sources */ = {isa = PBXBuildFile; fileRef = 5FC9FB4C28917CBA000BA441 /* View+FocusModifier.swift */; };
		E53F1E8D3BD382B147955B22 /* Pods_CryptoTests.framework in Frameworks */ = {isa = PBXBuildFile; fileRef = 8D69B95EF89741747B25EB04 /* Pods_CryptoTests.framework */; };
/* End PBXBuildFile section */

/* Begin PBXContainerItemProxy section */
		5F71267828836219008CA35E /* PBXContainerItemProxy */ = {
			isa = PBXContainerItemProxy;
			containerPortal = 5F71265F28836216008CA35E /* Project object */;
			proxyType = 1;
			remoteGlobalIDString = 5F71266628836216008CA35E;
			remoteInfo = Crypto;
		};
		5F71268228836219008CA35E /* PBXContainerItemProxy */ = {
			isa = PBXContainerItemProxy;
			containerPortal = 5F71265F28836216008CA35E /* Project object */;
			proxyType = 1;
			remoteGlobalIDString = 5F71266628836216008CA35E;
			remoteInfo = Crypto;
		};
/* End PBXContainerItemProxy section */

/* Begin PBXFileReference section */
		22FD132B44E1B7AB58F42FED /* Pods_Crypto_CryptoUITests.framework */ = {isa = PBXFileReference; explicitFileType = wrapper.framework; includeInIndex = 0; path = Pods_Crypto_CryptoUITests.framework; sourceTree = BUILT_PRODUCTS_DIR; };
		363D8EA53AF9E063BAB79473 /* Pods-Crypto-CryptoUITests.release.xcconfig */ = {isa = PBXFileReference; includeInIndex = 1; lastKnownFileType = text.xcconfig; name = "Pods-Crypto-CryptoUITests.release.xcconfig"; path = "Target Support Files/Pods-Crypto-CryptoUITests/Pods-Crypto-CryptoUITests.release.xcconfig"; sourceTree = "<group>"; };
		4B772D81CD12C1A4CCB48975 /* Pods-Crypto.debug.xcconfig */ = {isa = PBXFileReference; includeInIndex = 1; lastKnownFileType = text.xcconfig; name = "Pods-Crypto.debug.xcconfig"; path = "Target Support Files/Pods-Crypto/Pods-Crypto.debug.xcconfig"; sourceTree = "<group>"; };
		5DB63400BE2E160130F4989F /* Pods-Crypto-CryptoUITests.debug.xcconfig */ = {isa = PBXFileReference; includeInIndex = 1; lastKnownFileType = text.xcconfig; name = "Pods-Crypto-CryptoUITests.debug.xcconfig"; path = "Target Support Files/Pods-Crypto-CryptoUITests/Pods-Crypto-CryptoUITests.debug.xcconfig"; sourceTree = "<group>"; };
		5F71266728836216008CA35E /* Crypto.app */ = {isa = PBXFileReference; explicitFileType = wrapper.application; includeInIndex = 0; path = Crypto.app; sourceTree = BUILT_PRODUCTS_DIR; };
		5F71266A28836216008CA35E /* CryptoApp.swift */ = {isa = PBXFileReference; lastKnownFileType = sourcecode.swift; path = CryptoApp.swift; sourceTree = "<group>"; };
		5F71266E28836218008CA35E /* Images.xcassets */ = {isa = PBXFileReference; lastKnownFileType = folder.assetcatalog; path = Images.xcassets; sourceTree = "<group>"; };
		5F71267128836218008CA35E /* Preview Assets.xcassets */ = {isa = PBXFileReference; lastKnownFileType = folder.assetcatalog; path = "Preview Assets.xcassets"; sourceTree = "<group>"; };
		5F71267728836219008CA35E /* CryptoTests.xctest */ = {isa = PBXFileReference; explicitFileType = wrapper.cfbundle; includeInIndex = 0; path = CryptoTests.xctest; sourceTree = BUILT_PRODUCTS_DIR; };
		5F71267B28836219008CA35E /* CryptoTests.swift */ = {isa = PBXFileReference; lastKnownFileType = sourcecode.swift; path = CryptoTests.swift; sourceTree = "<group>"; };
		5F71268128836219008CA35E /* CryptoUITests.xctest */ = {isa = PBXFileReference; explicitFileType = wrapper.cfbundle; includeInIndex = 0; path = CryptoUITests.xctest; sourceTree = BUILT_PRODUCTS_DIR; };
		5F71268528836219008CA35E /* CryptoUITests.swift */ = {isa = PBXFileReference; lastKnownFileType = sourcecode.swift; path = CryptoUITests.swift; sourceTree = "<group>"; };
		5F71268728836219008CA35E /* CryptoUITestsLaunchTests.swift */ = {isa = PBXFileReference; lastKnownFileType = sourcecode.swift; path = CryptoUITestsLaunchTests.swift; sourceTree = "<group>"; };
		5F71269C2883647E008CA35E /* Publisher+Ext.swift */ = {isa = PBXFileReference; lastKnownFileType = sourcecode.swift; path = "Publisher+Ext.swift"; sourceTree = "<group>"; };
		5F71269F2883649D008CA35E /* UserDefaultsService.swift */ = {isa = PBXFileReference; lastKnownFileType = sourcecode.swift; path = UserDefaultsService.swift; sourceTree = "<group>"; };
		5F7126A9288364F2008CA35E /* AppStore.swift */ = {isa = PBXFileReference; lastKnownFileType = sourcecode.swift; path = AppStore.swift; sourceTree = "<group>"; };
		5F7126AB288364F7008CA35E /* AppView.swift */ = {isa = PBXFileReference; lastKnownFileType = sourcecode.swift; path = AppView.swift; sourceTree = "<group>"; };
		5F7126AD288364FD008CA35E /* AppDelegate.swift */ = {isa = PBXFileReference; lastKnownFileType = sourcecode.swift; path = AppDelegate.swift; sourceTree = "<group>"; };
		5F7126AF28836508008CA35E /* AppDelegateStore.swift */ = {isa = PBXFileReference; lastKnownFileType = sourcecode.swift; path = AppDelegateStore.swift; sourceTree = "<group>"; };
		5F7126B128836515008CA35E /* OnboardingStore.swift */ = {isa = PBXFileReference; lastKnownFileType = sourcecode.swift; path = OnboardingStore.swift; sourceTree = "<group>"; };
		5F7126B32883651D008CA35E /* OnboardingView.swift */ = {isa = PBXFileReference; lastKnownFileType = sourcecode.swift; path = OnboardingView.swift; sourceTree = "<group>"; };
		5F7126B62883652E008CA35E /* ProfileStore.swift */ = {isa = PBXFileReference; lastKnownFileType = sourcecode.swift; path = ProfileStore.swift; sourceTree = "<group>"; };
		5F7126B828836534008CA35E /* ProfileView.swift */ = {isa = PBXFileReference; lastKnownFileType = sourcecode.swift; path = ProfileView.swift; sourceTree = "<group>"; };
		5F7126BA2883653A008CA35E /* MarketStore.swift */ = {isa = PBXFileReference; lastKnownFileType = sourcecode.swift; path = MarketStore.swift; sourceTree = "<group>"; };
		5F7126BC28836542008CA35E /* MarketView.swift */ = {isa = PBXFileReference; lastKnownFileType = sourcecode.swift; path = MarketView.swift; sourceTree = "<group>"; };
		5F7126BE2883654D008CA35E /* CurrencyDetailsStore.swift */ = {isa = PBXFileReference; lastKnownFileType = sourcecode.swift; path = CurrencyDetailsStore.swift; sourceTree = "<group>"; };
		5F7126C028836557008CA35E /* CurrencyDetailsView.swift */ = {isa = PBXFileReference; lastKnownFileType = sourcecode.swift; path = CurrencyDetailsView.swift; sourceTree = "<group>"; };
		5F7126C3288365F7008CA35E /* MainView.swift */ = {isa = PBXFileReference; lastKnownFileType = sourcecode.swift; path = MainView.swift; sourceTree = "<group>"; };
		5F7126C5288365FC008CA35E /* MainStore.swift */ = {isa = PBXFileReference; lastKnownFileType = sourcecode.swift; path = MainStore.swift; sourceTree = "<group>"; };
		5F7126C928836C38008CA35E /* Assets.swift */ = {isa = PBXFileReference; lastKnownFileType = sourcecode.swift; path = Assets.swift; sourceTree = "<group>"; };
		5F7126CC28836C6B008CA35E /* Colors.xcassets */ = {isa = PBXFileReference; lastKnownFileType = folder.assetcatalog; path = Colors.xcassets; sourceTree = "<group>"; };
		5F7126CE28836CC5008CA35E /* SwiftGen+Ext.swift */ = {isa = PBXFileReference; lastKnownFileType = sourcecode.swift; path = "SwiftGen+Ext.swift"; sourceTree = "<group>"; };
		5F7126D028837346008CA35E /* Collection+Safe.swift */ = {isa = PBXFileReference; lastKnownFileType = sourcecode.swift; path = "Collection+Safe.swift"; sourceTree = "<group>"; };
		5F7126D328837BFA008CA35E /* ProfileHeaderView.swift */ = {isa = PBXFileReference; lastKnownFileType = sourcecode.swift; path = ProfileHeaderView.swift; sourceTree = "<group>"; };
		5F7126D528837D32008CA35E /* CurrenciesView.swift */ = {isa = PBXFileReference; lastKnownFileType = sourcecode.swift; path = CurrenciesView.swift; sourceTree = "<group>"; };
		5F7126D728838059008CA35E /* NewsView.swift */ = {isa = PBXFileReference; lastKnownFileType = sourcecode.swift; path = NewsView.swift; sourceTree = "<group>"; };
		5F7126D928841168008CA35E /* View+safeAreaInsets.swift */ = {isa = PBXFileReference; lastKnownFileType = sourcecode.swift; path = "View+safeAreaInsets.swift"; sourceTree = "<group>"; };
		5F7126DB288418AE008CA35E /* Currency.swift */ = {isa = PBXFileReference; lastKnownFileType = sourcecode.swift; path = Currency.swift; sourceTree = "<group>"; };
		5F7126DD288418C1008CA35E /* Article.swift */ = {isa = PBXFileReference; lastKnownFileType = sourcecode.swift; path = Article.swift; sourceTree = "<group>"; };
		5F7126DF288418D2008CA35E /* User.swift */ = {isa = PBXFileReference; lastKnownFileType = sourcecode.swift; path = User.swift; sourceTree = "<group>"; };
		5F7126E22884191A008CA35E /* CurrencyCell.swift */ = {isa = PBXFileReference; lastKnownFileType = sourcecode.swift; path = CurrencyCell.swift; sourceTree = "<group>"; };
		5F7126E528841961008CA35E /* ProfileHeaderButton.swift */ = {isa = PBXFileReference; lastKnownFileType = sourcecode.swift; path = ProfileHeaderButton.swift; sourceTree = "<group>"; };
		5F7126E72884197B008CA35E /* View+gradients.swift */ = {isa = PBXFileReference; lastKnownFileType = sourcecode.swift; path = "View+gradients.swift"; sourceTree = "<group>"; };
		5F7126EA28841BB3008CA35E /* NewsRow.swift */ = {isa = PBXFileReference; lastKnownFileType = sourcecode.swift; path = NewsRow.swift; sourceTree = "<group>"; };
		5F9FB7FF28907261006E4C22 /* ChartView.swift */ = {isa = PBXFileReference; lastKnownFileType = sourcecode.swift; path = ChartView.swift; sourceTree = "<group>"; };
		5F9FB801289072C4006E4C22 /* ChartData.swift */ = {isa = PBXFileReference; lastKnownFileType = sourcecode.swift; path = ChartData.swift; sourceTree = "<group>"; };
		5F9FB803289072E1006E4C22 /* LineView.swift */ = {isa = PBXFileReference; lastKnownFileType = sourcecode.swift; path = LineView.swift; sourceTree = "<group>"; };
		5F9FB8062890747A006E4C22 /* NetworkService.swift */ = {isa = PBXFileReference; fileEncoding = 4; lastKnownFileType = sourcecode.swift; path = NetworkService.swift; sourceTree = "<group>"; };
		5F9FB8082890747A006E4C22 /* APIError.swift */ = {isa = PBXFileReference; fileEncoding = 4; lastKnownFileType = sourcecode.swift; path = APIError.swift; sourceTree = "<group>"; };
		5F9FB8092890747A006E4C22 /* RequestBuilder.swift */ = {isa = PBXFileReference; fileEncoding = 4; lastKnownFileType = sourcecode.swift; path = RequestBuilder.swift; sourceTree = "<group>"; };
		5F9FB80A2890747A006E4C22 /* HTTPMethod.swift */ = {isa = PBXFileReference; fileEncoding = 4; lastKnownFileType = sourcecode.swift; path = HTTPMethod.swift; sourceTree = "<group>"; };
		5F9FB80B2890747A006E4C22 /* ContentType.swift */ = {isa = PBXFileReference; fileEncoding = 4; lastKnownFileType = sourcecode.swift; path = ContentType.swift; sourceTree = "<group>"; };
		5F9FB80C2890747A006E4C22 /* NetworkError.swift */ = {isa = PBXFileReference; fileEncoding = 4; lastKnownFileType = sourcecode.swift; path = NetworkError.swift; sourceTree = "<group>"; };
		5F9FB817289076D4006E4C22 /* UserService.swift */ = {isa = PBXFileReference; lastKnownFileType = sourcecode.swift; path = UserService.swift; sourceTree = "<group>"; };
		5F9FB81B2890770F006E4C22 /* CurrencyService.swift */ = {isa = PBXFileReference; lastKnownFileType = sourcecode.swift; path = CurrencyService.swift; sourceTree = "<group>"; };
		5F9FB81D28907715006E4C22 /* NewsService.swift */ = {isa = PBXFileReference; lastKnownFileType = sourcecode.swift; path = NewsService.swift; sourceTree = "<group>"; };
		5F9FB81F28907C9F006E4C22 /* Loader.swift */ = {isa = PBXFileReference; lastKnownFileType = sourcecode.swift; path = Loader.swift; sourceTree = "<group>"; };
		5FC9FB34289082F3000BA441 /* MarketCell.swift */ = {isa = PBXFileReference; lastKnownFileType = sourcecode.swift; path = MarketCell.swift; sourceTree = "<group>"; };
		5FC9FB37289083BB000BA441 /* CurrencyTextField.swift */ = {isa = PBXFileReference; lastKnownFileType = sourcecode.swift; path = CurrencyTextField.swift; sourceTree = "<group>"; };
		5FC9FB39289083E0000BA441 /* View+placeholder.swift */ = {isa = PBXFileReference; lastKnownFileType = sourcecode.swift; path = "View+placeholder.swift"; sourceTree = "<group>"; };
		5FC9FB3B28908447000BA441 /* CurrencyMultiLineButton.swift */ = {isa = PBXFileReference; lastKnownFileType = sourcecode.swift; path = CurrencyMultiLineButton.swift; sourceTree = "<group>"; };
		5FC9FB3D28908571000BA441 /* View+CornerRadius.swift */ = {isa = PBXFileReference; lastKnownFileType = sourcecode.swift; path = "View+CornerRadius.swift"; sourceTree = "<group>"; };
		5FC9FB3F289085EE000BA441 /* View+if.swift */ = {isa = PBXFileReference; lastKnownFileType = sourcecode.swift; path = "View+if.swift"; sourceTree = "<group>"; };
		5FC9FB41289091C3000BA441 /* View+navigationLink.swift */ = {isa = PBXFileReference; lastKnownFileType = sourcecode.swift; path = "View+navigationLink.swift"; sourceTree = "<group>"; };
		5FC9FB4328912A1C000BA441 /* View+stroke.swift */ = {isa = PBXFileReference; lastKnownFileType = sourcecode.swift; path = "View+stroke.swift"; sourceTree = "<group>"; };
		5FC9FB4628913222000BA441 /* Double+price.swift */ = {isa = PBXFileReference; lastKnownFileType = sourcecode.swift; path = "Double+price.swift"; sourceTree = "<group>"; };
		5FC9FB4A28914932000BA441 /* UIApplication+endEditing.swift */ = {isa = PBXFileReference; lastKnownFileType = sourcecode.swift; path = "UIApplication+endEditing.swift"; sourceTree = "<group>"; };
		5FC9FB4C28917CBA000BA441 /* View+FocusModifier.swift */ = {isa = PBXFileReference; lastKnownFileType = sourcecode.swift; path = "View+FocusModifier.swift"; sourceTree = "<group>"; };
		6E209F6BD5D8879E87AA952A /* Pods_Crypto.framework */ = {isa = PBXFileReference; explicitFileType = wrapper.framework; includeInIndex = 0; path = Pods_Crypto.framework; sourceTree = BUILT_PRODUCTS_DIR; };
		8D69B95EF89741747B25EB04 /* Pods_CryptoTests.framework */ = {isa = PBXFileReference; explicitFileType = wrapper.framework; includeInIndex = 0; path = Pods_CryptoTests.framework; sourceTree = BUILT_PRODUCTS_DIR; };
		94FC31590C450E6AFB609C8A /* Pods-CryptoTests.release.xcconfig */ = {isa = PBXFileReference; includeInIndex = 1; lastKnownFileType = text.xcconfig; name = "Pods-CryptoTests.release.xcconfig"; path = "Target Support Files/Pods-CryptoTests/Pods-CryptoTests.release.xcconfig"; sourceTree = "<group>"; };
		A691B3F646971BCC51987354 /* Pods-Crypto.release.xcconfig */ = {isa = PBXFileReference; includeInIndex = 1; lastKnownFileType = text.xcconfig; name = "Pods-Crypto.release.xcconfig"; path = "Target Support Files/Pods-Crypto/Pods-Crypto.release.xcconfig"; sourceTree = "<group>"; };
		EAE54B0159808856A31E9DEA /* Pods-CryptoTests.debug.xcconfig */ = {isa = PBXFileReference; includeInIndex = 1; lastKnownFileType = text.xcconfig; name = "Pods-CryptoTests.debug.xcconfig"; path = "Target Support Files/Pods-CryptoTests/Pods-CryptoTests.debug.xcconfig"; sourceTree = "<group>"; };
/* End PBXFileReference section */

/* Begin PBXFrameworksBuildPhase section */
		5F71266428836216008CA35E /* Frameworks */ = {
			isa = PBXFrameworksBuildPhase;
			buildActionMask = 2147483647;
			files = (
				5F9FB8152890754A006E4C22 /* Kingfisher in Frameworks */,
				5F7126962883643C008CA35E /* ComposableArchitecture in Frameworks */,
				1EFEDA21A8B5A38AAD47F99E /* Pods_Crypto.framework in Frameworks */,
			);
			runOnlyForDeploymentPostprocessing = 0;
		};
		5F71267428836219008CA35E /* Frameworks */ = {
			isa = PBXFrameworksBuildPhase;
			buildActionMask = 2147483647;
			files = (
				E53F1E8D3BD382B147955B22 /* Pods_CryptoTests.framework in Frameworks */,
			);
			runOnlyForDeploymentPostprocessing = 0;
		};
		5F71267E28836219008CA35E /* Frameworks */ = {
			isa = PBXFrameworksBuildPhase;
			buildActionMask = 2147483647;
			files = (
				53DE9D0189DFAB9FCEC15BBB /* Pods_Crypto_CryptoUITests.framework in Frameworks */,
			);
			runOnlyForDeploymentPostprocessing = 0;
		};
/* End PBXFrameworksBuildPhase section */

/* Begin PBXGroup section */
		2276395C5F8640EFCA5BDE82 /* Pods */ = {
			isa = PBXGroup;
			children = (
				4B772D81CD12C1A4CCB48975 /* Pods-Crypto.debug.xcconfig */,
				A691B3F646971BCC51987354 /* Pods-Crypto.release.xcconfig */,
				5DB63400BE2E160130F4989F /* Pods-Crypto-CryptoUITests.debug.xcconfig */,
				363D8EA53AF9E063BAB79473 /* Pods-Crypto-CryptoUITests.release.xcconfig */,
				EAE54B0159808856A31E9DEA /* Pods-CryptoTests.debug.xcconfig */,
				94FC31590C450E6AFB609C8A /* Pods-CryptoTests.release.xcconfig */,
			);
			path = Pods;
			sourceTree = "<group>";
		};
		56551955234707E11C35B150 /* Frameworks */ = {
			isa = PBXGroup;
			children = (
				6E209F6BD5D8879E87AA952A /* Pods_Crypto.framework */,
				22FD132B44E1B7AB58F42FED /* Pods_Crypto_CryptoUITests.framework */,
				8D69B95EF89741747B25EB04 /* Pods_CryptoTests.framework */,
			);
			name = Frameworks;
			sourceTree = "<group>";
		};
		5F71265E28836216008CA35E = {
			isa = PBXGroup;
			children = (
				5F71266928836216008CA35E /* Crypto */,
				5F71267A28836219008CA35E /* CryptoTests */,
				5F71268428836219008CA35E /* CryptoUITests */,
				5F71266828836216008CA35E /* Products */,
				2276395C5F8640EFCA5BDE82 /* Pods */,
				56551955234707E11C35B150 /* Frameworks */,
			);
			sourceTree = "<group>";
		};
		5F71266828836216008CA35E /* Products */ = {
			isa = PBXGroup;
			children = (
				5F71266728836216008CA35E /* Crypto.app */,
				5F71267728836219008CA35E /* CryptoTests.xctest */,
				5F71268128836219008CA35E /* CryptoUITests.xctest */,
			);
			name = Products;
			sourceTree = "<group>";
		};
		5F71266928836216008CA35E /* Crypto */ = {
			isa = PBXGroup;
			children = (
				5F7126972883644E008CA35E /* Services */,
				5F71269828836455008CA35E /* Modules */,
				5F7126992883645C008CA35E /* Models */,
				5F71269A28836460008CA35E /* SharedViews */,
				5F71269B28836468008CA35E /* Extensions */,
				5F7126CB28836C45008CA35E /* Resources */,
				5F7126C828836C23008CA35E /* Generated */,
				5F71267028836218008CA35E /* Preview Content */,
			);
			path = Crypto;
			sourceTree = "<group>";
		};
		5F71267028836218008CA35E /* Preview Content */ = {
			isa = PBXGroup;
			children = (
				5F71267128836218008CA35E /* Preview Assets.xcassets */,
			);
			path = "Preview Content";
			sourceTree = "<group>";
		};
		5F71267A28836219008CA35E /* CryptoTests */ = {
			isa = PBXGroup;
			children = (
				5F71267B28836219008CA35E /* CryptoTests.swift */,
			);
			path = CryptoTests;
			sourceTree = "<group>";
		};
		5F71268428836219008CA35E /* CryptoUITests */ = {
			isa = PBXGroup;
			children = (
				5F71268528836219008CA35E /* CryptoUITests.swift */,
				5F71268728836219008CA35E /* CryptoUITestsLaunchTests.swift */,
			);
			path = CryptoUITests;
			sourceTree = "<group>";
		};
		5F7126972883644E008CA35E /* Services */ = {
			isa = PBXGroup;
			children = (
				5F71269E2883648B008CA35E /* UserDefaultsService */,
				5F9FB8052890747A006E4C22 /* NetworkService */,
				5F9FB816289076C2006E4C22 /* UserService */,
				5F9FB819289076D7006E4C22 /* CurrencyService */,
				5F9FB81A28907703006E4C22 /* NewsService */,
			);
			path = Services;
			sourceTree = "<group>";
		};
		5F71269828836455008CA35E /* Modules */ = {
			isa = PBXGroup;
			children = (
				5F7126A1288364A4008CA35E /* Root */,
				5F7126A4288364B0008CA35E /* Onboarding */,
				5F7126C2288365DB008CA35E /* Main */,
				5F7126A5288364C9008CA35E /* Profile */,
				5F7126A6288364CB008CA35E /* Market */,
				5F7126A7288364D4008CA35E /* CurrencyDetails */,
			);
			path = Modules;
			sourceTree = "<group>";
		};
		5F7126992883645C008CA35E /* Models */ = {
			isa = PBXGroup;
			children = (
				5F7126DB288418AE008CA35E /* Currency.swift */,
				5F7126DD288418C1008CA35E /* Article.swift */,
				5F7126DF288418D2008CA35E /* User.swift */,
			);
			path = Models;
			sourceTree = "<group>";
		};
		5F71269A28836460008CA35E /* SharedViews */ = {
			isa = PBXGroup;
			children = (
				5F9FB81F28907C9F006E4C22 /* Loader.swift */,
			);
			path = SharedViews;
			sourceTree = "<group>";
		};
		5F71269B28836468008CA35E /* Extensions */ = {
			isa = PBXGroup;
			children = (
				5FC9FB482891322D000BA441 /* Combine */,
				5FC9FB4528913216000BA441 /* Foundation */,
				5FC9FB4928913233000BA441 /* SwiftUI */,
				5F7126CE28836CC5008CA35E /* SwiftGen+Ext.swift */,
				5FC9FB4A28914932000BA441 /* UIApplication+endEditing.swift */,
			);
			path = Extensions;
			sourceTree = "<group>";
		};
		5F71269E2883648B008CA35E /* UserDefaultsService */ = {
			isa = PBXGroup;
			children = (
				5F71269F2883649D008CA35E /* UserDefaultsService.swift */,
			);
			path = UserDefaultsService;
			sourceTree = "<group>";
		};
		5F7126A1288364A4008CA35E /* Root */ = {
			isa = PBXGroup;
			children = (
				5F71266A28836216008CA35E /* CryptoApp.swift */,
				5F7126A2288364A7008CA35E /* App */,
				5F7126A3288364AA008CA35E /* AppDelegate */,
			);
			path = Root;
			sourceTree = "<group>";
		};
		5F7126A2288364A7008CA35E /* App */ = {
			isa = PBXGroup;
			children = (
				5F7126A9288364F2008CA35E /* AppStore.swift */,
				5F7126AB288364F7008CA35E /* AppView.swift */,
			);
			path = App;
			sourceTree = "<group>";
		};
		5F7126A3288364AA008CA35E /* AppDelegate */ = {
			isa = PBXGroup;
			children = (
				5F7126AF28836508008CA35E /* AppDelegateStore.swift */,
				5F7126AD288364FD008CA35E /* AppDelegate.swift */,
			);
			path = AppDelegate;
			sourceTree = "<group>";
		};
		5F7126A4288364B0008CA35E /* Onboarding */ = {
			isa = PBXGroup;
			children = (
				5F7126B128836515008CA35E /* OnboardingStore.swift */,
				5F7126B32883651D008CA35E /* OnboardingView.swift */,
			);
			path = Onboarding;
			sourceTree = "<group>";
		};
		5F7126A5288364C9008CA35E /* Profile */ = {
			isa = PBXGroup;
			children = (
				5F7126B62883652E008CA35E /* ProfileStore.swift */,
				5F7126B828836534008CA35E /* ProfileView.swift */,
				5F7126D228837BEE008CA35E /* Subviews */,
			);
			path = Profile;
			sourceTree = "<group>";
		};
		5F7126A6288364CB008CA35E /* Market */ = {
			isa = PBXGroup;
			children = (
				5F7126BA2883653A008CA35E /* MarketStore.swift */,
				5F7126BC28836542008CA35E /* MarketView.swift */,
				5FC9FB33289082E9000BA441 /* Cell */,
			);
			path = Market;
			sourceTree = "<group>";
		};
		5F7126A7288364D4008CA35E /* CurrencyDetails */ = {
			isa = PBXGroup;
			children = (
				5FC9FB36289083A7000BA441 /* Subviews */,
				5F7126BE2883654D008CA35E /* CurrencyDetailsStore.swift */,
				5F7126C028836557008CA35E /* CurrencyDetailsView.swift */,
			);
			path = CurrencyDetails;
			sourceTree = "<group>";
		};
		5F7126C2288365DB008CA35E /* Main */ = {
			isa = PBXGroup;
			children = (
				5F7126C5288365FC008CA35E /* MainStore.swift */,
				5F7126C3288365F7008CA35E /* MainView.swift */,
			);
			path = Main;
			sourceTree = "<group>";
		};
		5F7126C828836C23008CA35E /* Generated */ = {
			isa = PBXGroup;
			children = (
				5F7126C928836C38008CA35E /* Assets.swift */,
			);
			path = Generated;
			sourceTree = "<group>";
		};
		5F7126CB28836C45008CA35E /* Resources */ = {
			isa = PBXGroup;
			children = (
				5F71266E28836218008CA35E /* Images.xcassets */,
				5F7126CC28836C6B008CA35E /* Colors.xcassets */,
			);
			path = Resources;
			sourceTree = "<group>";
		};
		5F7126D228837BEE008CA35E /* Subviews */ = {
			isa = PBXGroup;
			children = (
				5F7126E428841936008CA35E /* Profile */,
				5F7126E12884190B008CA35E /* Currencies */,
				5F7126E928841B9C008CA35E /* News */,
			);
			path = Subviews;
			sourceTree = "<group>";
		};
		5F7126E12884190B008CA35E /* Currencies */ = {
			isa = PBXGroup;
			children = (
				5F9FB7FE28907254006E4C22 /* Chart */,
				5F7126D528837D32008CA35E /* CurrenciesView.swift */,
				5F7126E22884191A008CA35E /* CurrencyCell.swift */,
			);
			path = Currencies;
			sourceTree = "<group>";
		};
		5F7126E428841936008CA35E /* Profile */ = {
			isa = PBXGroup;
			children = (
				5F7126D328837BFA008CA35E /* ProfileHeaderView.swift */,
				5F7126E528841961008CA35E /* ProfileHeaderButton.swift */,
			);
			path = Profile;
			sourceTree = "<group>";
		};
		5F7126E928841B9C008CA35E /* News */ = {
			isa = PBXGroup;
			children = (
				5F7126D728838059008CA35E /* NewsView.swift */,
				5F7126EA28841BB3008CA35E /* NewsRow.swift */,
			);
			path = News;
			sourceTree = "<group>";
		};
		5F9FB7FE28907254006E4C22 /* Chart */ = {
			isa = PBXGroup;
			children = (
				5F9FB801289072C4006E4C22 /* ChartData.swift */,
				5F9FB7FF28907261006E4C22 /* ChartView.swift */,
				5F9FB803289072E1006E4C22 /* LineView.swift */,
			);
			path = Chart;
			sourceTree = "<group>";
		};
		5F9FB8052890747A006E4C22 /* NetworkService */ = {
			isa = PBXGroup;
			children = (
				5F9FB8062890747A006E4C22 /* NetworkService.swift */,
				5F9FB8072890747A006E4C22 /* Helpers */,
			);
			path = NetworkService;
			sourceTree = "<group>";
		};
		5F9FB8072890747A006E4C22 /* Helpers */ = {
			isa = PBXGroup;
			children = (
				5F9FB8082890747A006E4C22 /* APIError.swift */,
				5F9FB8092890747A006E4C22 /* RequestBuilder.swift */,
				5F9FB80A2890747A006E4C22 /* HTTPMethod.swift */,
				5F9FB80B2890747A006E4C22 /* ContentType.swift */,
				5F9FB80C2890747A006E4C22 /* NetworkError.swift */,
			);
			path = Helpers;
			sourceTree = "<group>";
		};
		5F9FB816289076C2006E4C22 /* UserService */ = {
			isa = PBXGroup;
			children = (
				5F9FB817289076D4006E4C22 /* UserService.swift */,
			);
			path = UserService;
			sourceTree = "<group>";
		};
		5F9FB819289076D7006E4C22 /* CurrencyService */ = {
			isa = PBXGroup;
			children = (
				5F9FB81B2890770F006E4C22 /* CurrencyService.swift */,
			);
			path = CurrencyService;
			sourceTree = "<group>";
		};
		5F9FB81A28907703006E4C22 /* NewsService */ = {
			isa = PBXGroup;
			children = (
				5F9FB81D28907715006E4C22 /* NewsService.swift */,
			);
			path = NewsService;
			sourceTree = "<group>";
		};
		5FC9FB33289082E9000BA441 /* Cell */ = {
			isa = PBXGroup;
			children = (
				5FC9FB34289082F3000BA441 /* MarketCell.swift */,
			);
			path = Cell;
			sourceTree = "<group>";
		};
		5FC9FB36289083A7000BA441 /* Subviews */ = {
			isa = PBXGroup;
			children = (
				5FC9FB37289083BB000BA441 /* CurrencyTextField.swift */,
				5FC9FB3B28908447000BA441 /* CurrencyMultiLineButton.swift */,
			);
			path = Subviews;
			sourceTree = "<group>";
		};
		5FC9FB4528913216000BA441 /* Foundation */ = {
			isa = PBXGroup;
			children = (
				5F7126D028837346008CA35E /* Collection+Safe.swift */,
				5FC9FB4628913222000BA441 /* Double+price.swift */,
			);
			path = Foundation;
			sourceTree = "<group>";
		};
		5FC9FB482891322D000BA441 /* Combine */ = {
			isa = PBXGroup;
			children = (
				5F71269C2883647E008CA35E /* Publisher+Ext.swift */,
			);
			path = Combine;
			sourceTree = "<group>";
		};
		5FC9FB4928913233000BA441 /* SwiftUI */ = {
			isa = PBXGroup;
			children = (
				5F7126D928841168008CA35E /* View+safeAreaInsets.swift */,
				5F7126E72884197B008CA35E /* View+gradients.swift */,
				5FC9FB39289083E0000BA441 /* View+placeholder.swift */,
				5FC9FB3D28908571000BA441 /* View+CornerRadius.swift */,
				5FC9FB3F289085EE000BA441 /* View+if.swift */,
				5FC9FB41289091C3000BA441 /* View+navigationLink.swift */,
				5FC9FB4328912A1C000BA441 /* View+stroke.swift */,
				5FC9FB4C28917CBA000BA441 /* View+FocusModifier.swift */,
			);
			path = SwiftUI;
			sourceTree = "<group>";
		};
/* End PBXGroup section */

/* Begin PBXNativeTarget section */
		5F71266628836216008CA35E /* Crypto */ = {
			isa = PBXNativeTarget;
			buildConfigurationList = 5F71268B28836219008CA35E /* Build configuration list for PBXNativeTarget "Crypto" */;
			buildPhases = (
				382A9E8A34D22D41F1F7F011 /* [CP] Check Pods Manifest.lock */,
				5F7126C728836B49008CA35E /* SwiftGen */,
				5F71266328836216008CA35E /* Sources */,
				5F71266428836216008CA35E /* Frameworks */,
				5F71266528836216008CA35E /* Resources */,
			);
			buildRules = (
			);
			dependencies = (
			);
			name = Crypto;
			packageProductDependencies = (
				5F7126952883643C008CA35E /* ComposableArchitecture */,
				5F9FB8142890754A006E4C22 /* Kingfisher */,
			);
			productName = Crypto;
			productReference = 5F71266728836216008CA35E /* Crypto.app */;
			productType = "com.apple.product-type.application";
		};
		5F71267628836219008CA35E /* CryptoTests */ = {
			isa = PBXNativeTarget;
			buildConfigurationList = 5F71268E28836219008CA35E /* Build configuration list for PBXNativeTarget "CryptoTests" */;
			buildPhases = (
				6C8B71AD86F1F98D3E8784BE /* [CP] Check Pods Manifest.lock */,
				5F71267328836219008CA35E /* Sources */,
				5F71267428836219008CA35E /* Frameworks */,
				5F71267528836219008CA35E /* Resources */,
			);
			buildRules = (
			);
			dependencies = (
				5F71267928836219008CA35E /* PBXTargetDependency */,
			);
			name = CryptoTests;
			productName = CryptoTests;
			productReference = 5F71267728836219008CA35E /* CryptoTests.xctest */;
			productType = "com.apple.product-type.bundle.unit-test";
		};
		5F71268028836219008CA35E /* CryptoUITests */ = {
			isa = PBXNativeTarget;
			buildConfigurationList = 5F71269128836219008CA35E /* Build configuration list for PBXNativeTarget "CryptoUITests" */;
			buildPhases = (
				3A6E5A1DF1AC744A0FF789DD /* [CP] Check Pods Manifest.lock */,
				5F71267D28836219008CA35E /* Sources */,
				5F71267E28836219008CA35E /* Frameworks */,
				5F71267F28836219008CA35E /* Resources */,
			);
			buildRules = (
			);
			dependencies = (
				5F71268328836219008CA35E /* PBXTargetDependency */,
			);
			name = CryptoUITests;
			productName = CryptoUITests;
			productReference = 5F71268128836219008CA35E /* CryptoUITests.xctest */;
			productType = "com.apple.product-type.bundle.ui-testing";
		};
/* End PBXNativeTarget section */

/* Begin PBXProject section */
		5F71265F28836216008CA35E /* Project object */ = {
			isa = PBXProject;
			attributes = {
				BuildIndependentTargetsInParallel = 1;
				LastSwiftUpdateCheck = 1340;
				LastUpgradeCheck = 1340;
				TargetAttributes = {
					5F71266628836216008CA35E = {
						CreatedOnToolsVersion = 13.4.1;
					};
					5F71267628836219008CA35E = {
						CreatedOnToolsVersion = 13.4.1;
						TestTargetID = 5F71266628836216008CA35E;
					};
					5F71268028836219008CA35E = {
						CreatedOnToolsVersion = 13.4.1;
						TestTargetID = 5F71266628836216008CA35E;
					};
				};
			};
			buildConfigurationList = 5F71266228836216008CA35E /* Build configuration list for PBXProject "Crypto" */;
			compatibilityVersion = "Xcode 13.0";
			developmentRegion = en;
			hasScannedForEncodings = 0;
			knownRegions = (
				en,
				Base,
			);
			mainGroup = 5F71265E28836216008CA35E;
			packageReferences = (
				5F7126942883643C008CA35E /* XCRemoteSwiftPackageReference "swift-composable-architecture" */,
				5F9FB8132890754A006E4C22 /* XCRemoteSwiftPackageReference "Kingfisher" */,
			);
			productRefGroup = 5F71266828836216008CA35E /* Products */;
			projectDirPath = "";
			projectRoot = "";
			targets = (
				5F71266628836216008CA35E /* Crypto */,
				5F71267628836219008CA35E /* CryptoTests */,
				5F71268028836219008CA35E /* CryptoUITests */,
			);
		};
/* End PBXProject section */

/* Begin PBXResourcesBuildPhase section */
		5F71266528836216008CA35E /* Resources */ = {
			isa = PBXResourcesBuildPhase;
			buildActionMask = 2147483647;
			files = (
				5F7126CD28836C6B008CA35E /* Colors.xcassets in Resources */,
				5F71267228836218008CA35E /* Preview Assets.xcassets in Resources */,
				5F71266F28836218008CA35E /* Images.xcassets in Resources */,
			);
			runOnlyForDeploymentPostprocessing = 0;
		};
		5F71267528836219008CA35E /* Resources */ = {
			isa = PBXResourcesBuildPhase;
			buildActionMask = 2147483647;
			files = (
			);
			runOnlyForDeploymentPostprocessing = 0;
		};
		5F71267F28836219008CA35E /* Resources */ = {
			isa = PBXResourcesBuildPhase;
			buildActionMask = 2147483647;
			files = (
			);
			runOnlyForDeploymentPostprocessing = 0;
		};
/* End PBXResourcesBuildPhase section */

/* Begin PBXShellScriptBuildPhase section */
		382A9E8A34D22D41F1F7F011 /* [CP] Check Pods Manifest.lock */ = {
			isa = PBXShellScriptBuildPhase;
			buildActionMask = 2147483647;
			files = (
			);
			inputFileListPaths = (
			);
			inputPaths = (
				"${PODS_PODFILE_DIR_PATH}/Podfile.lock",
				"${PODS_ROOT}/Manifest.lock",
			);
			name = "[CP] Check Pods Manifest.lock";
			outputFileListPaths = (
			);
			outputPaths = (
				"$(DERIVED_FILE_DIR)/Pods-Crypto-checkManifestLockResult.txt",
			);
			runOnlyForDeploymentPostprocessing = 0;
			shellPath = /bin/sh;
			shellScript = "diff \"${PODS_PODFILE_DIR_PATH}/Podfile.lock\" \"${PODS_ROOT}/Manifest.lock\" > /dev/null\nif [ $? != 0 ] ; then\n    # print error to STDERR\n    echo \"error: The sandbox is not in sync with the Podfile.lock. Run 'pod install' or update your CocoaPods installation.\" >&2\n    exit 1\nfi\n# This output is used by Xcode 'outputs' to avoid re-running this script phase.\necho \"SUCCESS\" > \"${SCRIPT_OUTPUT_FILE_0}\"\n";
			showEnvVarsInLog = 0;
		};
		3A6E5A1DF1AC744A0FF789DD /* [CP] Check Pods Manifest.lock */ = {
			isa = PBXShellScriptBuildPhase;
			buildActionMask = 2147483647;
			files = (
			);
			inputFileListPaths = (
			);
			inputPaths = (
				"${PODS_PODFILE_DIR_PATH}/Podfile.lock",
				"${PODS_ROOT}/Manifest.lock",
			);
			name = "[CP] Check Pods Manifest.lock";
			outputFileListPaths = (
			);
			outputPaths = (
				"$(DERIVED_FILE_DIR)/Pods-Crypto-CryptoUITests-checkManifestLockResult.txt",
			);
			runOnlyForDeploymentPostprocessing = 0;
			shellPath = /bin/sh;
			shellScript = "diff \"${PODS_PODFILE_DIR_PATH}/Podfile.lock\" \"${PODS_ROOT}/Manifest.lock\" > /dev/null\nif [ $? != 0 ] ; then\n    # print error to STDERR\n    echo \"error: The sandbox is not in sync with the Podfile.lock. Run 'pod install' or update your CocoaPods installation.\" >&2\n    exit 1\nfi\n# This output is used by Xcode 'outputs' to avoid re-running this script phase.\necho \"SUCCESS\" > \"${SCRIPT_OUTPUT_FILE_0}\"\n";
			showEnvVarsInLog = 0;
		};
		5F7126C728836B49008CA35E /* SwiftGen */ = {
			isa = PBXShellScriptBuildPhase;
			buildActionMask = 2147483647;
			files = (
			);
			inputFileListPaths = (
			);
			inputPaths = (
			);
			name = SwiftGen;
			outputFileListPaths = (
			);
			outputPaths = (
			);
			runOnlyForDeploymentPostprocessing = 0;
			shellPath = /bin/sh;
			shellScript = "if [[ -f \"${PODS_ROOT}/SwiftGen/bin/swiftgen\" ]]; then\n  \"${PODS_ROOT}/SwiftGen/bin/swiftgen\"\nelse\n  echo \"warning: SwiftGen is not installed. Run 'pod install --repo-update' to install it.\"\nfi\n";
		};
		6C8B71AD86F1F98D3E8784BE /* [CP] Check Pods Manifest.lock */ = {
			isa = PBXShellScriptBuildPhase;
			buildActionMask = 2147483647;
			files = (
			);
			inputFileListPaths = (
			);
			inputPaths = (
				"${PODS_PODFILE_DIR_PATH}/Podfile.lock",
				"${PODS_ROOT}/Manifest.lock",
			);
			name = "[CP] Check Pods Manifest.lock";
			outputFileListPaths = (
			);
			outputPaths = (
				"$(DERIVED_FILE_DIR)/Pods-CryptoTests-checkManifestLockResult.txt",
			);
			runOnlyForDeploymentPostprocessing = 0;
			shellPath = /bin/sh;
			shellScript = "diff \"${PODS_PODFILE_DIR_PATH}/Podfile.lock\" \"${PODS_ROOT}/Manifest.lock\" > /dev/null\nif [ $? != 0 ] ; then\n    # print error to STDERR\n    echo \"error: The sandbox is not in sync with the Podfile.lock. Run 'pod install' or update your CocoaPods installation.\" >&2\n    exit 1\nfi\n# This output is used by Xcode 'outputs' to avoid re-running this script phase.\necho \"SUCCESS\" > \"${SCRIPT_OUTPUT_FILE_0}\"\n";
			showEnvVarsInLog = 0;
		};
/* End PBXShellScriptBuildPhase section */

/* Begin PBXSourcesBuildPhase section */
		5F71266328836216008CA35E /* Sources */ = {
			isa = PBXSourcesBuildPhase;
			buildActionMask = 2147483647;
			files = (
				5F9FB8102890747A006E4C22 /* HTTPMethod.swift in Sources */,
				5F9FB80F2890747A006E4C22 /* RequestBuilder.swift in Sources */,
				5FC9FB3C28908447000BA441 /* CurrencyMultiLineButton.swift in Sources */,
				5F7126DE288418C1008CA35E /* Article.swift in Sources */,
				5FC9FB3A289083E0000BA441 /* View+placeholder.swift in Sources */,
				5FC9FB35289082F3000BA441 /* MarketCell.swift in Sources */,
				5F7126CF28836CC5008CA35E /* SwiftGen+Ext.swift in Sources */,
				5F9FB802289072C4006E4C22 /* ChartData.swift in Sources */,
				5F7126C128836557008CA35E /* CurrencyDetailsView.swift in Sources */,
				5F7126BB2883653A008CA35E /* MarketStore.swift in Sources */,
				5F7126A02883649D008CA35E /* UserDefaultsService.swift in Sources */,
				5F7126E0288418D2008CA35E /* User.swift in Sources */,
				5F9FB8122890747A006E4C22 /* NetworkError.swift in Sources */,
				5F7126D428837BFA008CA35E /* ProfileHeaderView.swift in Sources */,
				5FC9FB4D28917CBA000BA441 /* View+FocusModifier.swift in Sources */,
				5F7126B72883652E008CA35E /* ProfileStore.swift in Sources */,
				5F7126E628841961008CA35E /* ProfileHeaderButton.swift in Sources */,
				5F7126EB28841BB3008CA35E /* NewsRow.swift in Sources */,
				5F7126AA288364F2008CA35E /* AppStore.swift in Sources */,
				5F9FB81E28907715006E4C22 /* NewsService.swift in Sources */,
				5F7126B028836508008CA35E /* AppDelegateStore.swift in Sources */,
				5F7126B928836534008CA35E /* ProfileView.swift in Sources */,
				5F7126BD28836542008CA35E /* MarketView.swift in Sources */,
				5F7126CA28836C38008CA35E /* Assets.swift in Sources */,
				5F7126B42883651D008CA35E /* OnboardingView.swift in Sources */,
				5F9FB80E2890747A006E4C22 /* APIError.swift in Sources */,
				5F7126C4288365F7008CA35E /* MainView.swift in Sources */,
				5F7126DC288418AE008CA35E /* Currency.swift in Sources */,
				5F7126D628837D32008CA35E /* CurrenciesView.swift in Sources */,
				5F9FB80D2890747A006E4C22 /* NetworkService.swift in Sources */,
				5F7126E82884197B008CA35E /* View+gradients.swift in Sources */,
				5FC9FB4428912A1C000BA441 /* View+stroke.swift in Sources */,
				5FC9FB38289083BB000BA441 /* CurrencyTextField.swift in Sources */,
				5F7126AC288364F7008CA35E /* AppView.swift in Sources */,
				5FC9FB3E28908571000BA441 /* View+CornerRadius.swift in Sources */,
				5F71269D2883647E008CA35E /* Publisher+Ext.swift in Sources */,
				5FC9FB42289091C3000BA441 /* View+navigationLink.swift in Sources */,
				5F7126DA28841168008CA35E /* View+safeAreaInsets.swift in Sources */,
				5F9FB82028907C9F006E4C22 /* Loader.swift in Sources */,
				5F7126D128837346008CA35E /* Collection+Safe.swift in Sources */,
				5F7126AE288364FD008CA35E /* AppDelegate.swift in Sources */,
				5F7126BF2883654D008CA35E /* CurrencyDetailsStore.swift in Sources */,
				5F9FB81C2890770F006E4C22 /* CurrencyService.swift in Sources */,
				5F7126E32884191A008CA35E /* CurrencyCell.swift in Sources */,
				5FC9FB4B28914932000BA441 /* UIApplication+endEditing.swift in Sources */,
				5F71266B28836216008CA35E /* CryptoApp.swift in Sources */,
				5FC9FB4728913222000BA441 /* Double+price.swift in Sources */,
				5F9FB80028907261006E4C22 /* ChartView.swift in Sources */,
				5F7126D828838059008CA35E /* NewsView.swift in Sources */,
				5F7126B228836515008CA35E /* OnboardingStore.swift in Sources */,
				5F9FB804289072E1006E4C22 /* LineView.swift in Sources */,
				5F7126C6288365FC008CA35E /* MainStore.swift in Sources */,
				5FC9FB40289085EE000BA441 /* View+if.swift in Sources */,
				5F9FB818289076D4006E4C22 /* UserService.swift in Sources */,
				5F9FB8112890747A006E4C22 /* ContentType.swift in Sources */,
			);
			runOnlyForDeploymentPostprocessing = 0;
		};
		5F71267328836219008CA35E /* Sources */ = {
			isa = PBXSourcesBuildPhase;
			buildActionMask = 2147483647;
			files = (
				5F71267C28836219008CA35E /* CryptoTests.swift in Sources */,
			);
			runOnlyForDeploymentPostprocessing = 0;
		};
		5F71267D28836219008CA35E /* Sources */ = {
			isa = PBXSourcesBuildPhase;
			buildActionMask = 2147483647;
			files = (
				5F71268628836219008CA35E /* CryptoUITests.swift in Sources */,
				5F71268828836219008CA35E /* CryptoUITestsLaunchTests.swift in Sources */,
			);
			runOnlyForDeploymentPostprocessing = 0;
		};
/* End PBXSourcesBuildPhase section */

/* Begin PBXTargetDependency section */
		5F71267928836219008CA35E /* PBXTargetDependency */ = {
			isa = PBXTargetDependency;
			target = 5F71266628836216008CA35E /* Crypto */;
			targetProxy = 5F71267828836219008CA35E /* PBXContainerItemProxy */;
		};
		5F71268328836219008CA35E /* PBXTargetDependency */ = {
			isa = PBXTargetDependency;
			target = 5F71266628836216008CA35E /* Crypto */;
			targetProxy = 5F71268228836219008CA35E /* PBXContainerItemProxy */;
		};
/* End PBXTargetDependency section */

/* Begin XCBuildConfiguration section */
		5F71268928836219008CA35E /* Debug */ = {
			isa = XCBuildConfiguration;
			buildSettings = {
				ALWAYS_SEARCH_USER_PATHS = NO;
				CLANG_ANALYZER_NONNULL = YES;
				CLANG_ANALYZER_NUMBER_OBJECT_CONVERSION = YES_AGGRESSIVE;
				CLANG_CXX_LANGUAGE_STANDARD = "gnu++17";
				CLANG_ENABLE_MODULES = YES;
				CLANG_ENABLE_OBJC_ARC = YES;
				CLANG_ENABLE_OBJC_WEAK = YES;
				CLANG_WARN_BLOCK_CAPTURE_AUTORELEASING = YES;
				CLANG_WARN_BOOL_CONVERSION = YES;
				CLANG_WARN_COMMA = YES;
				CLANG_WARN_CONSTANT_CONVERSION = YES;
				CLANG_WARN_DEPRECATED_OBJC_IMPLEMENTATIONS = YES;
				CLANG_WARN_DIRECT_OBJC_ISA_USAGE = YES_ERROR;
				CLANG_WARN_DOCUMENTATION_COMMENTS = YES;
				CLANG_WARN_EMPTY_BODY = YES;
				CLANG_WARN_ENUM_CONVERSION = YES;
				CLANG_WARN_INFINITE_RECURSION = YES;
				CLANG_WARN_INT_CONVERSION = YES;
				CLANG_WARN_NON_LITERAL_NULL_CONVERSION = YES;
				CLANG_WARN_OBJC_IMPLICIT_RETAIN_SELF = YES;
				CLANG_WARN_OBJC_LITERAL_CONVERSION = YES;
				CLANG_WARN_OBJC_ROOT_CLASS = YES_ERROR;
				CLANG_WARN_QUOTED_INCLUDE_IN_FRAMEWORK_HEADER = YES;
				CLANG_WARN_RANGE_LOOP_ANALYSIS = YES;
				CLANG_WARN_STRICT_PROTOTYPES = YES;
				CLANG_WARN_SUSPICIOUS_MOVE = YES;
				CLANG_WARN_UNGUARDED_AVAILABILITY = YES_AGGRESSIVE;
				CLANG_WARN_UNREACHABLE_CODE = YES;
				CLANG_WARN__DUPLICATE_METHOD_MATCH = YES;
				COPY_PHASE_STRIP = NO;
				DEBUG_INFORMATION_FORMAT = dwarf;
				ENABLE_STRICT_OBJC_MSGSEND = YES;
				ENABLE_TESTABILITY = YES;
				GCC_C_LANGUAGE_STANDARD = gnu11;
				GCC_DYNAMIC_NO_PIC = NO;
				GCC_NO_COMMON_BLOCKS = YES;
				GCC_OPTIMIZATION_LEVEL = 0;
				GCC_PREPROCESSOR_DEFINITIONS = (
					"DEBUG=1",
					"$(inherited)",
				);
				GCC_WARN_64_TO_32_BIT_CONVERSION = YES;
				GCC_WARN_ABOUT_RETURN_TYPE = YES_ERROR;
				GCC_WARN_UNDECLARED_SELECTOR = YES;
				GCC_WARN_UNINITIALIZED_AUTOS = YES_AGGRESSIVE;
				GCC_WARN_UNUSED_FUNCTION = YES;
				GCC_WARN_UNUSED_VARIABLE = YES;
				IPHONEOS_DEPLOYMENT_TARGET = 14.0;
				MTL_ENABLE_DEBUG_INFO = INCLUDE_SOURCE;
				MTL_FAST_MATH = YES;
				ONLY_ACTIVE_ARCH = YES;
				SDKROOT = iphoneos;
				SWIFT_ACTIVE_COMPILATION_CONDITIONS = DEBUG;
				SWIFT_OPTIMIZATION_LEVEL = "-Onone";
			};
			name = Debug;
		};
		5F71268A28836219008CA35E /* Release */ = {
			isa = XCBuildConfiguration;
			buildSettings = {
				ALWAYS_SEARCH_USER_PATHS = NO;
				CLANG_ANALYZER_NONNULL = YES;
				CLANG_ANALYZER_NUMBER_OBJECT_CONVERSION = YES_AGGRESSIVE;
				CLANG_CXX_LANGUAGE_STANDARD = "gnu++17";
				CLANG_ENABLE_MODULES = YES;
				CLANG_ENABLE_OBJC_ARC = YES;
				CLANG_ENABLE_OBJC_WEAK = YES;
				CLANG_WARN_BLOCK_CAPTURE_AUTORELEASING = YES;
				CLANG_WARN_BOOL_CONVERSION = YES;
				CLANG_WARN_COMMA = YES;
				CLANG_WARN_CONSTANT_CONVERSION = YES;
				CLANG_WARN_DEPRECATED_OBJC_IMPLEMENTATIONS = YES;
				CLANG_WARN_DIRECT_OBJC_ISA_USAGE = YES_ERROR;
				CLANG_WARN_DOCUMENTATION_COMMENTS = YES;
				CLANG_WARN_EMPTY_BODY = YES;
				CLANG_WARN_ENUM_CONVERSION = YES;
				CLANG_WARN_INFINITE_RECURSION = YES;
				CLANG_WARN_INT_CONVERSION = YES;
				CLANG_WARN_NON_LITERAL_NULL_CONVERSION = YES;
				CLANG_WARN_OBJC_IMPLICIT_RETAIN_SELF = YES;
				CLANG_WARN_OBJC_LITERAL_CONVERSION = YES;
				CLANG_WARN_OBJC_ROOT_CLASS = YES_ERROR;
				CLANG_WARN_QUOTED_INCLUDE_IN_FRAMEWORK_HEADER = YES;
				CLANG_WARN_RANGE_LOOP_ANALYSIS = YES;
				CLANG_WARN_STRICT_PROTOTYPES = YES;
				CLANG_WARN_SUSPICIOUS_MOVE = YES;
				CLANG_WARN_UNGUARDED_AVAILABILITY = YES_AGGRESSIVE;
				CLANG_WARN_UNREACHABLE_CODE = YES;
				CLANG_WARN__DUPLICATE_METHOD_MATCH = YES;
				COPY_PHASE_STRIP = NO;
				DEBUG_INFORMATION_FORMAT = "dwarf-with-dsym";
				ENABLE_NS_ASSERTIONS = NO;
				ENABLE_STRICT_OBJC_MSGSEND = YES;
				GCC_C_LANGUAGE_STANDARD = gnu11;
				GCC_NO_COMMON_BLOCKS = YES;
				GCC_WARN_64_TO_32_BIT_CONVERSION = YES;
				GCC_WARN_ABOUT_RETURN_TYPE = YES_ERROR;
				GCC_WARN_UNDECLARED_SELECTOR = YES;
				GCC_WARN_UNINITIALIZED_AUTOS = YES_AGGRESSIVE;
				GCC_WARN_UNUSED_FUNCTION = YES;
				GCC_WARN_UNUSED_VARIABLE = YES;
				IPHONEOS_DEPLOYMENT_TARGET = 14.0;
				MTL_ENABLE_DEBUG_INFO = NO;
				MTL_FAST_MATH = YES;
				SDKROOT = iphoneos;
				SWIFT_COMPILATION_MODE = wholemodule;
				SWIFT_OPTIMIZATION_LEVEL = "-O";
				VALIDATE_PRODUCT = YES;
			};
			name = Release;
		};
		5F71268C28836219008CA35E /* Debug */ = {
			isa = XCBuildConfiguration;
			baseConfigurationReference = 4B772D81CD12C1A4CCB48975 /* Pods-Crypto.debug.xcconfig */;
			buildSettings = {
				ASSETCATALOG_COMPILER_APPICON_NAME = AppIcon;
				ASSETCATALOG_COMPILER_GLOBAL_ACCENT_COLOR_NAME = AccentColor;
				CODE_SIGN_STYLE = Automatic;
				CURRENT_PROJECT_VERSION = 1;
				DEVELOPMENT_ASSET_PATHS = "\"Crypto/Preview Content\"";
				DEVELOPMENT_TEAM = M92VXVU7J9;
				ENABLE_PREVIEWS = YES;
				GENERATE_INFOPLIST_FILE = YES;
				INFOPLIST_KEY_UIApplicationSceneManifest_Generation = YES;
				INFOPLIST_KEY_UIApplicationSupportsIndirectInputEvents = YES;
				INFOPLIST_KEY_UILaunchScreen_Generation = YES;
				INFOPLIST_KEY_UISupportedInterfaceOrientations_iPad = "UIInterfaceOrientationPortrait UIInterfaceOrientationPortraitUpsideDown UIInterfaceOrientationLandscapeLeft UIInterfaceOrientationLandscapeRight";
				INFOPLIST_KEY_UISupportedInterfaceOrientations_iPhone = "UIInterfaceOrientationPortrait UIInterfaceOrientationLandscapeLeft UIInterfaceOrientationLandscapeRight";
				INFOPLIST_KEY_UIUserInterfaceStyle = Dark;
				LD_RUNPATH_SEARCH_PATHS = (
					"$(inherited)",
					"@executable_path/Frameworks",
				);
				MARKETING_VERSION = 1.0;
				PRODUCT_BUNDLE_IDENTIFIER = com.ddanilyuk.Crypto;
				PRODUCT_NAME = "$(TARGET_NAME)";
				SWIFT_EMIT_LOC_STRINGS = YES;
				SWIFT_VERSION = 5.0;
				TARGETED_DEVICE_FAMILY = "1,2";
			};
			name = Debug;
		};
		5F71268D28836219008CA35E /* Release */ = {
			isa = XCBuildConfiguration;
			baseConfigurationReference = A691B3F646971BCC51987354 /* Pods-Crypto.release.xcconfig */;
			buildSettings = {
				ASSETCATALOG_COMPILER_APPICON_NAME = AppIcon;
				ASSETCATALOG_COMPILER_GLOBAL_ACCENT_COLOR_NAME = AccentColor;
				CODE_SIGN_STYLE = Automatic;
				CURRENT_PROJECT_VERSION = 1;
				DEVELOPMENT_ASSET_PATHS = "\"Crypto/Preview Content\"";
				DEVELOPMENT_TEAM = M92VXVU7J9;
				ENABLE_PREVIEWS = YES;
				GENERATE_INFOPLIST_FILE = YES;
				INFOPLIST_KEY_UIApplicationSceneManifest_Generation = YES;
				INFOPLIST_KEY_UIApplicationSupportsIndirectInputEvents = YES;
				INFOPLIST_KEY_UILaunchScreen_Generation = YES;
				INFOPLIST_KEY_UISupportedInterfaceOrientations_iPad = "UIInterfaceOrientationPortrait UIInterfaceOrientationPortraitUpsideDown UIInterfaceOrientationLandscapeLeft UIInterfaceOrientationLandscapeRight";
				INFOPLIST_KEY_UISupportedInterfaceOrientations_iPhone = "UIInterfaceOrientationPortrait UIInterfaceOrientationLandscapeLeft UIInterfaceOrientationLandscapeRight";
				INFOPLIST_KEY_UIUserInterfaceStyle = Dark;
				LD_RUNPATH_SEARCH_PATHS = (
					"$(inherited)",
					"@executable_path/Frameworks",
				);
				MARKETING_VERSION = 1.0;
				PRODUCT_BUNDLE_IDENTIFIER = com.ddanilyuk.Crypto;
				PRODUCT_NAME = "$(TARGET_NAME)";
				SWIFT_EMIT_LOC_STRINGS = YES;
				SWIFT_VERSION = 5.0;
				TARGETED_DEVICE_FAMILY = "1,2";
			};
			name = Release;
		};
		5F71268F28836219008CA35E /* Debug */ = {
			isa = XCBuildConfiguration;
			baseConfigurationReference = EAE54B0159808856A31E9DEA /* Pods-CryptoTests.debug.xcconfig */;
			buildSettings = {
				ALWAYS_EMBED_SWIFT_STANDARD_LIBRARIES = YES;
				BUNDLE_LOADER = "$(TEST_HOST)";
				CODE_SIGN_STYLE = Automatic;
				CURRENT_PROJECT_VERSION = 1;
				DEVELOPMENT_TEAM = M92VXVU7J9;
				GENERATE_INFOPLIST_FILE = YES;
				IPHONEOS_DEPLOYMENT_TARGET = 15.5;
				MARKETING_VERSION = 1.0;
				PRODUCT_BUNDLE_IDENTIFIER = com.ddanilyuk.CryptoTests;
				PRODUCT_NAME = "$(TARGET_NAME)";
				SWIFT_EMIT_LOC_STRINGS = NO;
				SWIFT_VERSION = 5.0;
				TARGETED_DEVICE_FAMILY = "1,2";
				TEST_HOST = "$(BUILT_PRODUCTS_DIR)/Crypto.app/Crypto";
			};
			name = Debug;
		};
		5F71269028836219008CA35E /* Release */ = {
			isa = XCBuildConfiguration;
			baseConfigurationReference = 94FC31590C450E6AFB609C8A /* Pods-CryptoTests.release.xcconfig */;
			buildSettings = {
				ALWAYS_EMBED_SWIFT_STANDARD_LIBRARIES = YES;
				BUNDLE_LOADER = "$(TEST_HOST)";
				CODE_SIGN_STYLE = Automatic;
				CURRENT_PROJECT_VERSION = 1;
				DEVELOPMENT_TEAM = M92VXVU7J9;
				GENERATE_INFOPLIST_FILE = YES;
				IPHONEOS_DEPLOYMENT_TARGET = 15.5;
				MARKETING_VERSION = 1.0;
				PRODUCT_BUNDLE_IDENTIFIER = com.ddanilyuk.CryptoTests;
				PRODUCT_NAME = "$(TARGET_NAME)";
				SWIFT_EMIT_LOC_STRINGS = NO;
				SWIFT_VERSION = 5.0;
				TARGETED_DEVICE_FAMILY = "1,2";
				TEST_HOST = "$(BUILT_PRODUCTS_DIR)/Crypto.app/Crypto";
			};
			name = Release;
		};
		5F71269228836219008CA35E /* Debug */ = {
			isa = XCBuildConfiguration;
			baseConfigurationReference = 5DB63400BE2E160130F4989F /* Pods-Crypto-CryptoUITests.debug.xcconfig */;
			buildSettings = {
				ALWAYS_EMBED_SWIFT_STANDARD_LIBRARIES = YES;
				CODE_SIGN_STYLE = Automatic;
				CURRENT_PROJECT_VERSION = 1;
				DEVELOPMENT_TEAM = M92VXVU7J9;
				GENERATE_INFOPLIST_FILE = YES;
				MARKETING_VERSION = 1.0;
				PRODUCT_BUNDLE_IDENTIFIER = com.ddanilyuk.CryptoUITests;
				PRODUCT_NAME = "$(TARGET_NAME)";
				SWIFT_EMIT_LOC_STRINGS = NO;
				SWIFT_VERSION = 5.0;
				TARGETED_DEVICE_FAMILY = "1,2";
				TEST_TARGET_NAME = Crypto;
			};
			name = Debug;
		};
		5F71269328836219008CA35E /* Release */ = {
			isa = XCBuildConfiguration;
			baseConfigurationReference = 363D8EA53AF9E063BAB79473 /* Pods-Crypto-CryptoUITests.release.xcconfig */;
			buildSettings = {
				ALWAYS_EMBED_SWIFT_STANDARD_LIBRARIES = YES;
				CODE_SIGN_STYLE = Automatic;
				CURRENT_PROJECT_VERSION = 1;
				DEVELOPMENT_TEAM = M92VXVU7J9;
				GENERATE_INFOPLIST_FILE = YES;
				MARKETING_VERSION = 1.0;
				PRODUCT_BUNDLE_IDENTIFIER = com.ddanilyuk.CryptoUITests;
				PRODUCT_NAME = "$(TARGET_NAME)";
				SWIFT_EMIT_LOC_STRINGS = NO;
				SWIFT_VERSION = 5.0;
				TARGETED_DEVICE_FAMILY = "1,2";
				TEST_TARGET_NAME = Crypto;
			};
			name = Release;
		};
/* End XCBuildConfiguration section */

/* Begin XCConfigurationList section */
		5F71266228836216008CA35E /* Build configuration list for PBXProject "Crypto" */ = {
			isa = XCConfigurationList;
			buildConfigurations = (
				5F71268928836219008CA35E /* Debug */,
				5F71268A28836219008CA35E /* Release */,
			);
			defaultConfigurationIsVisible = 0;
			defaultConfigurationName = Release;
		};
		5F71268B28836219008CA35E /* Build configuration list for PBXNativeTarget "Crypto" */ = {
			isa = XCConfigurationList;
			buildConfigurations = (
				5F71268C28836219008CA35E /* Debug */,
				5F71268D28836219008CA35E /* Release */,
			);
			defaultConfigurationIsVisible = 0;
			defaultConfigurationName = Release;
		};
		5F71268E28836219008CA35E /* Build configuration list for PBXNativeTarget "CryptoTests" */ = {
			isa = XCConfigurationList;
			buildConfigurations = (
				5F71268F28836219008CA35E /* Debug */,
				5F71269028836219008CA35E /* Release */,
			);
			defaultConfigurationIsVisible = 0;
			defaultConfigurationName = Release;
		};
		5F71269128836219008CA35E /* Build configuration list for PBXNativeTarget "CryptoUITests" */ = {
			isa = XCConfigurationList;
			buildConfigurations = (
				5F71269228836219008CA35E /* Debug */,
				5F71269328836219008CA35E /* Release */,
			);
			defaultConfigurationIsVisible = 0;
			defaultConfigurationName = Release;
		};
/* End XCConfigurationList section */

/* Begin XCRemoteSwiftPackageReference section */
		5F7126942883643C008CA35E /* XCRemoteSwiftPackageReference "swift-composable-architecture" */ = {
			isa = XCRemoteSwiftPackageReference;
			repositoryURL = "https://github.com/pointfreeco/swift-composable-architecture";
			requirement = {
				kind = upToNextMajorVersion;
				minimumVersion = 0.38.0;
			};
		};
		5F9FB8132890754A006E4C22 /* XCRemoteSwiftPackageReference "Kingfisher" */ = {
			isa = XCRemoteSwiftPackageReference;
			repositoryURL = "https://github.com/onevcat/Kingfisher";
			requirement = {
				kind = upToNextMajorVersion;
				minimumVersion = 7.0.0;
			};
		};
/* End XCRemoteSwiftPackageReference section */

/* Begin XCSwiftPackageProductDependency section */
		5F7126952883643C008CA35E /* ComposableArchitecture */ = {
			isa = XCSwiftPackageProductDependency;
			package = 5F7126942883643C008CA35E /* XCRemoteSwiftPackageReference "swift-composable-architecture" */;
			productName = ComposableArchitecture;
		};
		5F9FB8142890754A006E4C22 /* Kingfisher */ = {
			isa = XCSwiftPackageProductDependency;
			package = 5F9FB8132890754A006E4C22 /* XCRemoteSwiftPackageReference "Kingfisher" */;
			productName = Kingfisher;
		};
/* End XCSwiftPackageProductDependency section */
	};
	rootObject = 5F71265F28836216008CA35E /* Project object */;
}
